
Microsoft Visual Studio Solution File, Format Version 12.00
# Visual Studio 14
VisualStudioVersion = 14.0.25420.1
MinimumVisualStudioVersion = 10.0.40219.1
Project("{FAE04EC0-301F-11D3-BF4B-00C04F79EFBC}") = "Supplly", "Supplly.csproj", "{01941AA0-FE9D-4E93-961A-AD8ECB7613D2}"
EndProject
Project("{FAE04EC0-301F-11D3-BF4B-00C04F79EFBC}") = "Out", "..\Out\Out.csproj", "{95B1CB57-319A-4208-A6A0-336D7002AD6D}"
EndProject
Project("{FAE04EC0-301F-11D3-BF4B-00C04F79EFBC}") = "Account", "..\Account\Account.csproj", "{F5B38AC2-90F4-4A8A-87D1-D04ED4C2E144}"
EndProject
Project("{FAE04EC0-301F-11D3-BF4B-00C04F79EFBC}") = "Users", "..\Users\Users.csproj", "{9B35A72C-9231-4E68-A3A5-6EB7555E410C}"
EndProject
Project("{FAE04EC0-301F-11D3-BF4B-00C04F79EFBC}") = "StoreMaga0101", "..\StoreMaga0101\StoreMaga0101.csproj", "{A90DB41F-2008-4437-8C3D-95A12D7C6C4D}"
EndProject
Global
	GlobalSection(SolutionConfigurationPlatforms) = preSolution
		Debug|Any CPU = Debug|Any CPU
		Release|Any CPU = Release|Any CPU
	EndGlobalSection
	GlobalSection(ProjectConfigurationPlatforms) = postSolution
		{01941AA0-FE9D-4E93-961A-AD8ECB7613D2}.Debug|Any CPU.ActiveCfg = Debug|Any CPU
		{01941AA0-FE9D-4E93-961A-AD8ECB7613D2}.Debug|Any CPU.Build.0 = Debug|Any CPU
		{01941AA0-FE9D-4E93-961A-AD8ECB7613D2}.Release|Any CPU.ActiveCfg = Release|Any CPU
		{01941AA0-FE9D-4E93-961A-AD8ECB7613D2}.Release|Any CPU.Build.0 = Release|Any CPU
		{95B1CB57-319A-4208-A6A0-336D7002AD6D}.Debug|Any CPU.ActiveCfg = Debug|Any CPU
		{95B1CB57-319A-4208-A6A0-336D7002AD6D}.Debug|Any CPU.Build.0 = Debug|Any CPU
		{95B1CB57-319A-4208-A6A0-336D7002AD6D}.Release|Any CPU.ActiveCfg = Release|Any CPU
		{95B1CB57-319A-4208-A6A0-336D7002AD6D}.Release|Any CPU.Build.0 = Release|Any CPU
		{F5B38AC2-90F4-4A8A-87D1-D04ED4C2E144}.Debug|Any CPU.ActiveCfg = Debug|Any CPU
		{F5B38AC2-90F4-4A8A-87D1-D04ED4C2E144}.Debug|Any CPU.Build.0 = Debug|Any CPU
		{F5B38AC2-90F4-4A8A-87D1-D04ED4C2E144}.Release|Any CPU.ActiveCfg = Release|Any CPU
		{F5B38AC2-90F4-4A8A-87D1-D04ED4C2E144}.Release|Any CPU.Build.0 = Release|Any CPU
		{9B35A72C-9231-4E68-A3A5-6EB7555E410C}.Debug|Any CPU.ActiveCfg = Debug|Any CPU
		{9B35A72C-9231-4E68-A3A5-6EB7555E410C}.Debug|Any CPU.Build.0 = Debug|Any CPU
		{9B35A72C-9231-4E68-A3A5-6EB7555E410C}.Release|Any CPU.ActiveCfg = Release|Any CPU
		{9B35A72C-9231-4E68-A3A5-6EB7555E410C}.Release|Any CPU.Build.0 = Release|Any CPU
		{A90DB41F-2008-4437-8C3D-95A12D7C6C4D}.Debug|Any CPU.ActiveCfg = Debug|Any CPU
		{A90DB41F-2008-4437-8C3D-95A12D7C6C4D}.Debug|Any CPU.Build.0 = Debug|Any CPU
		{A90DB41F-2008-4437-8C3D-95A12D7C6C4D}.Release|Any CPU.ActiveCfg = Release|Any CPU
		{A90DB41F-2008-4437-8C3D-95A12D7C6C4D}.Release|Any CPU.Build.0 = Release|Any CPU
	EndGlobalSection
	GlobalSection(SolutionProperties) = preSolution
		HideSolutionNode = FALSE
	EndGlobalSection
EndGlobal
