
Microsoft Visual Studio Solution File, Format Version 12.00
# Visual Studio 14
VisualStudioVersion = 14.0.25420.1
MinimumVisualStudioVersion = 10.0.40219.1
Project("{FAE04EC0-301F-11D3-BF4B-00C04F79EFBC}") = "WindowsFormsHosttcp", "WindowsFormsHosttcp.csproj", "{9325B7C7-18A0-4835-8B72-62613DB89CB9}"
EndProject
Project("{FAE04EC0-301F-11D3-BF4B-00C04F79EFBC}") = "Users", "..\StoreMaga0101\Users\Users.csproj", "{9B35A72C-9231-4E68-A3A5-6EB7555E410C}"
EndProject
Project("{FAE04EC0-301F-11D3-BF4B-00C04F79EFBC}") = "Account", "..\StoreMaga0101\Account\Account.csproj", "{F5B38AC2-90F4-4A8A-87D1-D04ED4C2E144}"
EndProject
Project("{FAE04EC0-301F-11D3-BF4B-00C04F79EFBC}") = "Out", "..\StoreMaga0101\Out\Out.csproj", "{95B1CB57-319A-4208-A6A0-336D7002AD6D}"
EndProject
Global
	GlobalSection(SolutionConfigurationPlatforms) = preSolution
		Debug|Any CPU = Debug|Any CPU
		Release|Any CPU = Release|Any CPU
	EndGlobalSection
	GlobalSection(ProjectConfigurationPlatforms) = postSolution
		{9325B7C7-18A0-4835-8B72-62613DB89CB9}.Debug|Any CPU.ActiveCfg = Debug|Any CPU
		{9325B7C7-18A0-4835-8B72-62613DB89CB9}.Debug|Any CPU.Build.0 = Debug|Any CPU
		{9325B7C7-18A0-4835-8B72-62613DB89CB9}.Release|Any CPU.ActiveCfg = Release|Any CPU
		{9325B7C7-18A0-4835-8B72-62613DB89CB9}.Release|Any CPU.Build.0 = Release|Any CPU
		{9B35A72C-9231-4E68-A3A5-6EB7555E410C}.Debug|Any CPU.ActiveCfg = Debug|Any CPU
		{9B35A72C-9231-4E68-A3A5-6EB7555E410C}.Debug|Any CPU.Build.0 = Debug|Any CPU
		{9B35A72C-9231-4E68-A3A5-6EB7555E410C}.Release|Any CPU.ActiveCfg = Release|Any CPU
		{9B35A72C-9231-4E68-A3A5-6EB7555E410C}.Release|Any CPU.Build.0 = Release|Any CPU
		{F5B38AC2-90F4-4A8A-87D1-D04ED4C2E144}.Debug|Any CPU.ActiveCfg = Debug|Any CPU
		{F5B38AC2-90F4-4A8A-87D1-D04ED4C2E144}.Debug|Any CPU.Build.0 = Debug|Any CPU
		{F5B38AC2-90F4-4A8A-87D1-D04ED4C2E144}.Release|Any CPU.ActiveCfg = Release|Any CPU
		{F5B38AC2-90F4-4A8A-87D1-D04ED4C2E144}.Release|Any CPU.Build.0 = Release|Any CPU
		{95B1CB57-319A-4208-A6A0-336D7002AD6D}.Debug|Any CPU.ActiveCfg = Debug|Any CPU
		{95B1CB57-319A-4208-A6A0-336D7002AD6D}.Debug|Any CPU.Build.0 = Debug|Any CPU
		{95B1CB57-319A-4208-A6A0-336D7002AD6D}.Release|Any CPU.ActiveCfg = Release|Any CPU
		{95B1CB57-319A-4208-A6A0-336D7002AD6D}.Release|Any CPU.Build.0 = Release|Any CPU
	EndGlobalSection
	GlobalSection(SolutionProperties) = preSolution
		HideSolutionNode = FALSE
	EndGlobalSection
EndGlobal
